// !$*UTF8*$!
{
	archiveVersion = 1;
	classes = {
	};
	objectVersion = 46;
	objects = {

/* Begin PBXBuildFile section */
		00EA398FEB37A7A322410D01 /* Assets.xcassets in Resources */ = {isa = PBXBuildFile; fileRef = B3BF437CE5658C5DAA22A9E1 /* Assets.xcassets */; };
		0BC5ACD464CC1E204723BA34 /* HotkeyManager.swift in Sources */ = {isa = PBXBuildFile; fileRef = 6E7CEEE1C6193F92672E7D6E /* HotkeyManager.swift */; };
		1116354FB7495A40B196C799 /* WhisperEngine.swift in Sources */ = {isa = PBXBuildFile; fileRef = DF2306CAE1B7B72886590213 /* WhisperEngine.swift */; };
		1219FB401B2153646DCD808E /* StreamingTranscriber.swift in Sources */ = {isa = PBXBuildFile; fileRef = EF2E7B887A942C386E6B5EE8 /* StreamingTranscriber.swift */; };
		12B19558CDCC50C75446880A /* STTLocalAppApp.swift in Sources */ = {isa = PBXBuildFile; fileRef = 08E7EB27F93723A37C89709C /* STTLocalAppApp.swift */; };
		140E5ABC09EF5E225C0AAD9C /* FloatingPanel.swift in Sources */ = {isa = PBXBuildFile; fileRef = F6EC222307D706BCEB8A56C2 /* FloatingPanel.swift */; };
		15E3AB37DFB71E4300A10F09 /* Settings.swift in Sources */ = {isa = PBXBuildFile; fileRef = 29F262E2E1E185983EFCD091 /* Settings.swift */; };
		174444D021C284351CA57076 /* HallucinationFilterTests.swift in Sources */ = {isa = PBXBuildFile; fileRef = ED25C69D850E2C019DD424D6 /* HallucinationFilterTests.swift */; };
		187B9B28EAB054B3CF9BD84F /* HallucinationFilter.swift in Sources */ = {isa = PBXBuildFile; fileRef = A03027B8A769BD7F7D8EB150 /* HallucinationFilter.swift */; };
		1880BB9B7AB719AE76FA881A /* TranscriptView.swift in Sources */ = {isa = PBXBuildFile; fileRef = 417A3E53B8F1AB28D06B9308 /* TranscriptView.swift */; };
		1B9A859A8D02C23A2AB62204 /* DecodingPresets.swift in Sources */ = {isa = PBXBuildFile; fileRef = 28470A60835F40E2286600B1 /* DecodingPresets.swift */; };
		1E46C28E5F209C679B9C5C5C /* VisualEffectView.swift in Sources */ = {isa = PBXBuildFile; fileRef = 210D2B8CC17602AF990EB080 /* VisualEffectView.swift */; };
		1FBF0F47F45DFB76E6F288BC /* MicButton.swift in Sources */ = {isa = PBXBuildFile; fileRef = 31A7E38987A19B2D3E1E2964 /* MicButton.swift */; };
		42FDAB79C59E930CDCF372D7 /* KeyboardShortcuts in Frameworks */ = {isa = PBXBuildFile; productRef = 507A59512A80E1F9F3A768CF /* KeyboardShortcuts */; };
		4DB6BD44B882402C88B61450 /* PanelRootView.swift in Sources */ = {isa = PBXBuildFile; fileRef = C9CCFD3012C2EC544F8E6588 /* PanelRootView.swift */; };
		6A7131F9686819984BFA5081 /* ModelDownloadView.swift in Sources */ = {isa = PBXBuildFile; fileRef = A63C1E044AC11AD09AC7DD60 /* ModelDownloadView.swift */; };
		79143DAF122CCB1F0971B5DE /* WhisperKit in Frameworks */ = {isa = PBXBuildFile; productRef = C67670F341EAA2D2FA44C3AA /* WhisperKit */; };
		919C90AE51D043A53A8A2D3E /* WhisperKit in Frameworks */ = {isa = PBXBuildFile; productRef = CC12B6D38D90AD2488C22241 /* WhisperKit */; };
		92B4F51D944DFFB8C754E05B /* Clipboard.swift in Sources */ = {isa = PBXBuildFile; fileRef = D9BAA82AEFF2B2D1B611EE53 /* Clipboard.swift */; };
		B62A15F0482559669777C853 /* FloatingPanelController.swift in Sources */ = {isa = PBXBuildFile; fileRef = CEE355E6212A6F3B55A5B25E /* FloatingPanelController.swift */; };
		BF3640B36807C2FF5054773A /* AppState.swift in Sources */ = {isa = PBXBuildFile; fileRef = A870689B8543FF6B0459C7F0 /* AppState.swift */; };
		C214F1708BA918C51106114F /* Cocoa.framework in Frameworks */ = {isa = PBXBuildFile; fileRef = DF4CCC5125C8316839FDD10D /* Cocoa.framework */; };
		C84A20801776908B51769586 /* AppDelegate.swift in Sources */ = {isa = PBXBuildFile; fileRef = 9388EF348F81A090A4657E84 /* AppDelegate.swift */; };
		D4E3ACFD1D36D45031D4BB50 /* StatusBadge.swift in Sources */ = {isa = PBXBuildFile; fileRef = 86B748EC0D2E8E9A3968F562 /* StatusBadge.swift */; };
		E48769A3EFD7C74CF6619D19 /* Cocoa.framework in Frameworks */ = {isa = PBXBuildFile; fileRef = DF4CCC5125C8316839FDD10D /* Cocoa.framework */; };
		FC3F5722E9D967582BD51239 /* WaveformView.swift in Sources */ = {isa = PBXBuildFile; fileRef = 74FBDB7324DE1B207D8A024C /* WaveformView.swift */; };
/* End PBXBuildFile section */

/* Begin PBXContainerItemProxy section */
		25F828AAFC03C15642D856C2 /* PBXContainerItemProxy */ = {
			isa = PBXContainerItemProxy;
			containerPortal = 67868C2DFF3060FF4E28E352 /* Project object */;
			proxyType = 1;
			remoteGlobalIDString = DBEC42357991B64F4AD00EDB;
			remoteInfo = STTLocalApp;
		};
/* End PBXContainerItemProxy section */

/* Begin PBXFileReference section */
		08E7EB27F93723A37C89709C /* STTLocalAppApp.swift */ = {isa = PBXFileReference; includeInIndex = 1; lastKnownFileType = sourcecode.swift; path = STTLocalAppApp.swift; sourceTree = "<group>"; };
		210D2B8CC17602AF990EB080 /* VisualEffectView.swift */ = {isa = PBXFileReference; includeInIndex = 1; lastKnownFileType = sourcecode.swift; path = VisualEffectView.swift; sourceTree = "<group>"; };
		23F722DD26661433D592CC35 /* Info.plist */ = {isa = PBXFileReference; includeInIndex = 1; lastKnownFileType = text.plist.xml; path = Info.plist; sourceTree = "<group>"; };
		28470A60835F40E2286600B1 /* DecodingPresets.swift */ = {isa = PBXFileReference; includeInIndex = 1; lastKnownFileType = sourcecode.swift; path = DecodingPresets.swift; sourceTree = "<group>"; };
		29F262E2E1E185983EFCD091 /* Settings.swift */ = {isa = PBXFileReference; includeInIndex = 1; lastKnownFileType = sourcecode.swift; path = Settings.swift; sourceTree = "<group>"; };
		2AA20C9AE861130811D083F8 /* STTLocalApp.entitlements */ = {isa = PBXFileReference; includeInIndex = 1; lastKnownFileType = text.plist.entitlements; path = STTLocalApp.entitlements; sourceTree = "<group>"; };
		31A7E38987A19B2D3E1E2964 /* MicButton.swift */ = {isa = PBXFileReference; includeInIndex = 1; lastKnownFileType = sourcecode.swift; path = MicButton.swift; sourceTree = "<group>"; };
		417A3E53B8F1AB28D06B9308 /* TranscriptView.swift */ = {isa = PBXFileReference; includeInIndex = 1; lastKnownFileType = sourcecode.swift; path = TranscriptView.swift; sourceTree = "<group>"; };
		5B0AB8603D6632CABA68E33C /* STTLocalApp.app */ = {isa = PBXFileReference; explicitFileType = wrapper.application; includeInIndex = 0; path = STTLocalApp.app; sourceTree = BUILT_PRODUCTS_DIR; };
		61100F46989B2EC09C4B0C81 /* STTLocalAppTests.xctest */ = {isa = PBXFileReference; explicitFileType = wrapper.cfbundle; includeInIndex = 0; path = STTLocalAppTests.xctest; sourceTree = BUILT_PRODUCTS_DIR; };
		6E7CEEE1C6193F92672E7D6E /* HotkeyManager.swift */ = {isa = PBXFileReference; includeInIndex = 1; lastKnownFileType = sourcecode.swift; path = HotkeyManager.swift; sourceTree = "<group>"; };
		74FBDB7324DE1B207D8A024C /* WaveformView.swift */ = {isa = PBXFileReference; includeInIndex = 1; lastKnownFileType = sourcecode.swift; path = WaveformView.swift; sourceTree = "<group>"; };
		86B748EC0D2E8E9A3968F562 /* StatusBadge.swift */ = {isa = PBXFileReference; includeInIndex = 1; lastKnownFileType = sourcecode.swift; path = StatusBadge.swift; sourceTree = "<group>"; };
		9388EF348F81A090A4657E84 /* AppDelegate.swift */ = {isa = PBXFileReference; includeInIndex = 1; lastKnownFileType = sourcecode.swift; path = AppDelegate.swift; sourceTree = "<group>"; };
		A03027B8A769BD7F7D8EB150 /* HallucinationFilter.swift */ = {isa = PBXFileReference; includeInIndex = 1; lastKnownFileType = sourcecode.swift; path = HallucinationFilter.swift; sourceTree = "<group>"; };
		A63C1E044AC11AD09AC7DD60 /* ModelDownloadView.swift */ = {isa = PBXFileReference; includeInIndex = 1; lastKnownFileType = sourcecode.swift; path = ModelDownloadView.swift; sourceTree = "<group>"; };
		A870689B8543FF6B0459C7F0 /* AppState.swift */ = {isa = PBXFileReference; includeInIndex = 1; lastKnownFileType = sourcecode.swift; path = AppState.swift; sourceTree = "<group>"; };
		B3BF437CE5658C5DAA22A9E1 /* Assets.xcassets */ = {isa = PBXFileReference; includeInIndex = 1; lastKnownFileType = folder.assetcatalog; path = Assets.xcassets; sourceTree = "<group>"; };
		C9CCFD3012C2EC544F8E6588 /* PanelRootView.swift */ = {isa = PBXFileReference; includeInIndex = 1; lastKnownFileType = sourcecode.swift; path = PanelRootView.swift; sourceTree = "<group>"; };
		CEE355E6212A6F3B55A5B25E /* FloatingPanelController.swift */ = {isa = PBXFileReference; includeInIndex = 1; lastKnownFileType = sourcecode.swift; path = FloatingPanelController.swift; sourceTree = "<group>"; };
		D9BAA82AEFF2B2D1B611EE53 /* Clipboard.swift */ = {isa = PBXFileReference; includeInIndex = 1; lastKnownFileType = sourcecode.swift; path = Clipboard.swift; sourceTree = "<group>"; };
		DF2306CAE1B7B72886590213 /* WhisperEngine.swift */ = {isa = PBXFileReference; includeInIndex = 1; lastKnownFileType = sourcecode.swift; path = WhisperEngine.swift; sourceTree = "<group>"; };
		DF4CCC5125C8316839FDD10D /* Cocoa.framework */ = {isa = PBXFileReference; lastKnownFileType = wrapper.framework; name = Cocoa.framework; path = Platforms/MacOSX.platform/Developer/SDKs/MacOSX15.0.sdk/System/Library/Frameworks/Cocoa.framework; sourceTree = DEVELOPER_DIR; };
		ED25C69D850E2C019DD424D6 /* HallucinationFilterTests.swift */ = {isa = PBXFileReference; includeInIndex = 1; lastKnownFileType = sourcecode.swift; path = HallucinationFilterTests.swift; sourceTree = "<group>"; };
		EF2E7B887A942C386E6B5EE8 /* StreamingTranscriber.swift */ = {isa = PBXFileReference; includeInIndex = 1; lastKnownFileType = sourcecode.swift; path = StreamingTranscriber.swift; sourceTree = "<group>"; };
		F6EC222307D706BCEB8A56C2 /* FloatingPanel.swift */ = {isa = PBXFileReference; includeInIndex = 1; lastKnownFileType = sourcecode.swift; path = FloatingPanel.swift; sourceTree = "<group>"; };
/* End PBXFileReference section */

/* Begin PBXFrameworksBuildPhase section */
		49869568E5432BA9A507795C /* Frameworks */ = {
			isa = PBXFrameworksBuildPhase;
			buildActionMask = 2147483647;
			files = (
				E48769A3EFD7C74CF6619D19 /* Cocoa.framework in Frameworks */,
				79143DAF122CCB1F0971B5DE /* WhisperKit in Frameworks */,
			);
			runOnlyForDeploymentPostprocessing = 0;
		};
		5AA469EFB11A8FFCA8561136 /* Frameworks */ = {
			isa = PBXFrameworksBuildPhase;
			buildActionMask = 2147483647;
			files = (
				C214F1708BA918C51106114F /* Cocoa.framework in Frameworks */,
				919C90AE51D043A53A8A2D3E /* WhisperKit in Frameworks */,
				42FDAB79C59E930CDCF372D7 /* KeyboardShortcuts in Frameworks */,
			);
			runOnlyForDeploymentPostprocessing = 0;
		};
/* End PBXFrameworksBuildPhase section */

/* Begin PBXGroup section */
		02158D6B9FBB56FC47592A6B /* Frameworks */ = {
			isa = PBXGroup;
			children = (
				D54EC9F067EC5393DDD73674 /* OS X */,
			);
			name = Frameworks;
			sourceTree = "<group>";
		};
		1B2A27C7446EE6C2BC310BC4 /* Speech */ = {
			isa = PBXGroup;
			children = (
				D9BAA82AEFF2B2D1B611EE53 /* Clipboard.swift */,
				28470A60835F40E2286600B1 /* DecodingPresets.swift */,
				A03027B8A769BD7F7D8EB150 /* HallucinationFilter.swift */,
				EF2E7B887A942C386E6B5EE8 /* StreamingTranscriber.swift */,
				DF2306CAE1B7B72886590213 /* WhisperEngine.swift */,
			);
			name = Speech;
			path = Speech;
			sourceTree = "<group>";
		};
		219D0125E632C467CE3727D9 /* STTLocalAppTests */ = {
			isa = PBXGroup;
			children = (
				ED25C69D850E2C019DD424D6 /* HallucinationFilterTests.swift */,
			);
			name = STTLocalAppTests;
			path = STTLocalAppTests;
			sourceTree = "<group>";
		};
		45DEF6D508BB4E1820A45598 = {
			isa = PBXGroup;
			children = (
				BB3A600C13C429935DC20A90 /* Products */,
				02158D6B9FBB56FC47592A6B /* Frameworks */,
				917204108664EE6108505D8B /* STTLocalApp */,
				219D0125E632C467CE3727D9 /* STTLocalAppTests */,
			);
			sourceTree = "<group>";
		};
		4BCEE8F59434B72D430944F0 /* State */ = {
			isa = PBXGroup;
			children = (
				A870689B8543FF6B0459C7F0 /* AppState.swift */,
				29F262E2E1E185983EFCD091 /* Settings.swift */,
			);
			name = State;
			path = State;
			sourceTree = "<group>";
		};
		5BF7C09CABBCF3D92F4F968D /* App */ = {
			isa = PBXGroup;
			children = (
				9388EF348F81A090A4657E84 /* AppDelegate.swift */,
				08E7EB27F93723A37C89709C /* STTLocalAppApp.swift */,
				23F722DD26661433D592CC35 /* Info.plist */,
			);
			name = App;
			path = App;
			sourceTree = "<group>";
		};
		5ECA6BACA2454535C1633A96 /* UI */ = {
			isa = PBXGroup;
			children = (
				31A7E38987A19B2D3E1E2964 /* MicButton.swift */,
				A63C1E044AC11AD09AC7DD60 /* ModelDownloadView.swift */,
				C9CCFD3012C2EC544F8E6588 /* PanelRootView.swift */,
				86B748EC0D2E8E9A3968F562 /* StatusBadge.swift */,
				417A3E53B8F1AB28D06B9308 /* TranscriptView.swift */,
				74FBDB7324DE1B207D8A024C /* WaveformView.swift */,
			);
			name = UI;
			path = UI;
			sourceTree = "<group>";
		};
		917204108664EE6108505D8B /* STTLocalApp */ = {
			isa = PBXGroup;
			children = (
				5BF7C09CABBCF3D92F4F968D /* App */,
				C9C8E31178A364A4A129AEF3 /* Panel */,
				5ECA6BACA2454535C1633A96 /* UI */,
				1B2A27C7446EE6C2BC310BC4 /* Speech */,
				D2C10ACF5984B80766268F66 /* Hotkey */,
				4BCEE8F59434B72D430944F0 /* State */,
				B3BF437CE5658C5DAA22A9E1 /* Assets.xcassets */,
				2AA20C9AE861130811D083F8 /* STTLocalApp.entitlements */,
			);
			name = STTLocalApp;
			path = STTLocalApp;
			sourceTree = "<group>";
		};
		BB3A600C13C429935DC20A90 /* Products */ = {
			isa = PBXGroup;
			children = (
				5B0AB8603D6632CABA68E33C /* STTLocalApp.app */,
				61100F46989B2EC09C4B0C81 /* STTLocalAppTests.xctest */,
			);
			name = Products;
			sourceTree = "<group>";
		};
		C9C8E31178A364A4A129AEF3 /* Panel */ = {
			isa = PBXGroup;
			children = (
				F6EC222307D706BCEB8A56C2 /* FloatingPanel.swift */,
				CEE355E6212A6F3B55A5B25E /* FloatingPanelController.swift */,
				210D2B8CC17602AF990EB080 /* VisualEffectView.swift */,
			);
			name = Panel;
			path = Panel;
			sourceTree = "<group>";
		};
		D2C10ACF5984B80766268F66 /* Hotkey */ = {
			isa = PBXGroup;
			children = (
				6E7CEEE1C6193F92672E7D6E /* HotkeyManager.swift */,
			);
			name = Hotkey;
			path = Hotkey;
			sourceTree = "<group>";
		};
		D54EC9F067EC5393DDD73674 /* OS X */ = {
			isa = PBXGroup;
			children = (
				DF4CCC5125C8316839FDD10D /* Cocoa.framework */,
			);
			name = "OS X";
			sourceTree = "<group>";
		};
/* End PBXGroup section */

/* Begin PBXNativeTarget section */
		A504CD07BA78D6DF5D241578 /* STTLocalAppTests */ = {
			isa = PBXNativeTarget;
			buildConfigurationList = EF9963DC47882A6E0E078AB7 /* Build configuration list for PBXNativeTarget "STTLocalAppTests" */;
			buildPhases = (
				8EF078AAD85F0B301EEC85FD /* Sources */,
				49869568E5432BA9A507795C /* Frameworks */,
				24902EF36BE6CB419E5DF357 /* Resources */,
			);
			buildRules = (
			);
			dependencies = (
				B4B79068F2D5EB220ABA1F2D /* PBXTargetDependency */,
			);
			name = STTLocalAppTests;
			packageProductDependencies = (
				C67670F341EAA2D2FA44C3AA /* WhisperKit */,
			);
			productName = STTLocalAppTests;
			productReference = 61100F46989B2EC09C4B0C81 /* STTLocalAppTests.xctest */;
			productType = "com.apple.product-type.bundle.unit-test";
		};
		DBEC42357991B64F4AD00EDB /* STTLocalApp */ = {
			isa = PBXNativeTarget;
			buildConfigurationList = 3A923CAA6CB33CFA6A227890 /* Build configuration list for PBXNativeTarget "STTLocalApp" */;
			buildPhases = (
				7AB4290413808159296F9155 /* Sources */,
				5AA469EFB11A8FFCA8561136 /* Frameworks */,
				207FD4E06B6CB871BFDB8D73 /* Resources */,
			);
			buildRules = (
			);
			dependencies = (
			);
			name = STTLocalApp;
			packageProductDependencies = (
				CC12B6D38D90AD2488C22241 /* WhisperKit */,
				507A59512A80E1F9F3A768CF /* KeyboardShortcuts */,
			);
			productName = STTLocalApp;
			productReference = 5B0AB8603D6632CABA68E33C /* STTLocalApp.app */;
			productType = "com.apple.product-type.application";
		};
/* End PBXNativeTarget section */

/* Begin PBXProject section */
		67868C2DFF3060FF4E28E352 /* Project object */ = {
			isa = PBXProject;
			attributes = {
				LastSwiftUpdateCheck = 1600;
				LastUpgradeCheck = 1620;
			};
			buildConfigurationList = 65401B9F38E3BB3DC83189E3 /* Build configuration list for PBXProject "STTLocalApp" */;
			compatibilityVersion = "Xcode 3.2";
			developmentRegion = en;
			hasScannedForEncodings = 0;
			knownRegions = (
				en,
				Base,
			);
			mainGroup = 45DEF6D508BB4E1820A45598;
			minimizedProjectReferenceProxies = 0;
			packageReferences = (
				C808EEC80941F032193DE17A /* XCRemoteSwiftPackageReference "WhisperKit" */,
				BF58B0394677DAB5E060319E /* XCRemoteSwiftPackageReference "KeyboardShortcuts" */,
			);
			preferredProjectObjectVersion = 77;
			productRefGroup = BB3A600C13C429935DC20A90 /* Products */;
			projectDirPath = "";
			projectRoot = "";
			targets = (
				DBEC42357991B64F4AD00EDB /* STTLocalApp */,
				A504CD07BA78D6DF5D241578 /* STTLocalAppTests */,
			);
		};
/* End PBXProject section */

/* Begin PBXResourcesBuildPhase section */
		207FD4E06B6CB871BFDB8D73 /* Resources */ = {
			isa = PBXResourcesBuildPhase;
			buildActionMask = 2147483647;
			files = (
				00EA398FEB37A7A322410D01 /* Assets.xcassets in Resources */,
			);
			runOnlyForDeploymentPostprocessing = 0;
		};
		24902EF36BE6CB419E5DF357 /* Resources */ = {
			isa = PBXResourcesBuildPhase;
			buildActionMask = 2147483647;
			files = (
			);
			runOnlyForDeploymentPostprocessing = 0;
		};
/* End PBXResourcesBuildPhase section */

/* Begin PBXSourcesBuildPhase section */
		7AB4290413808159296F9155 /* Sources */ = {
			isa = PBXSourcesBuildPhase;
			buildActionMask = 2147483647;
			files = (
				C84A20801776908B51769586 /* AppDelegate.swift in Sources */,
				12B19558CDCC50C75446880A /* STTLocalAppApp.swift in Sources */,
				140E5ABC09EF5E225C0AAD9C /* FloatingPanel.swift in Sources */,
				B62A15F0482559669777C853 /* FloatingPanelController.swift in Sources */,
				1E46C28E5F209C679B9C5C5C /* VisualEffectView.swift in Sources */,
				1FBF0F47F45DFB76E6F288BC /* MicButton.swift in Sources */,
				6A7131F9686819984BFA5081 /* ModelDownloadView.swift in Sources */,
				4DB6BD44B882402C88B61450 /* PanelRootView.swift in Sources */,
				D4E3ACFD1D36D45031D4BB50 /* StatusBadge.swift in Sources */,
				1880BB9B7AB719AE76FA881A /* TranscriptView.swift in Sources */,
				FC3F5722E9D967582BD51239 /* WaveformView.swift in Sources */,
				92B4F51D944DFFB8C754E05B /* Clipboard.swift in Sources */,
				1B9A859A8D02C23A2AB62204 /* DecodingPresets.swift in Sources */,
				187B9B28EAB054B3CF9BD84F /* HallucinationFilter.swift in Sources */,
				1219FB401B2153646DCD808E /* StreamingTranscriber.swift in Sources */,
				1116354FB7495A40B196C799 /* WhisperEngine.swift in Sources */,
				0BC5ACD464CC1E204723BA34 /* HotkeyManager.swift in Sources */,
				BF3640B36807C2FF5054773A /* AppState.swift in Sources */,
				15E3AB37DFB71E4300A10F09 /* Settings.swift in Sources */,
			);
			runOnlyForDeploymentPostprocessing = 0;
		};
		8EF078AAD85F0B301EEC85FD /* Sources */ = {
			isa = PBXSourcesBuildPhase;
			buildActionMask = 2147483647;
			files = (
				174444D021C284351CA57076 /* HallucinationFilterTests.swift in Sources */,
			);
			runOnlyForDeploymentPostprocessing = 0;
		};
/* End PBXSourcesBuildPhase section */

/* Begin PBXTargetDependency section */
		B4B79068F2D5EB220ABA1F2D /* PBXTargetDependency */ = {
			isa = PBXTargetDependency;
			name = STTLocalApp;
			target = DBEC42357991B64F4AD00EDB /* STTLocalApp */;
			targetProxy = 25F828AAFC03C15642D856C2 /* PBXContainerItemProxy */;
		};
/* End PBXTargetDependency section */

/* Begin XCBuildConfiguration section */
		2261449441EC4421AD2F1C49 /* Debug */ = {
			isa = XCBuildConfiguration;
			buildSettings = {
				ALWAYS_SEARCH_USER_PATHS = NO;
				CLANG_ANALYZER_NONNULL = YES;
				CLANG_ANALYZER_NUMBER_OBJECT_CONVERSION = YES_AGGRESSIVE;
				CLANG_CXX_LANGUAGE_STANDARD = "gnu++14";
				CLANG_CXX_LIBRARY = "libc++";
				CLANG_ENABLE_MODULES = YES;
				CLANG_ENABLE_OBJC_ARC = YES;
				CLANG_ENABLE_OBJC_WEAK = YES;
				CLANG_WARN_BLOCK_CAPTURE_AUTORELEASING = YES;
				CLANG_WARN_BOOL_CONVERSION = YES;
				CLANG_WARN_COMMA = YES;
				CLANG_WARN_CONSTANT_CONVERSION = YES;
				CLANG_WARN_DEPRECATED_OBJC_IMPLEMENTATIONS = YES;
				CLANG_WARN_DIRECT_OBJC_ISA_USAGE = YES_ERROR;
				CLANG_WARN_DOCUMENTATION_COMMENTS = YES;
				CLANG_WARN_EMPTY_BODY = YES;
				CLANG_WARN_ENUM_CONVERSION = YES;
				CLANG_WARN_INFINITE_RECURSION = YES;
				CLANG_WARN_INT_CONVERSION = YES;
				CLANG_WARN_NON_LITERAL_NULL_CONVERSION = YES;
				CLANG_WARN_OBJC_IMPLICIT_RETAIN_SELF = YES;
				CLANG_WARN_OBJC_LITERAL_CONVERSION = YES;
				CLANG_WARN_OBJC_ROOT_CLASS = YES_ERROR;
				CLANG_WARN_QUOTED_INCLUDE_IN_FRAMEWORK_HEADER = YES;
				CLANG_WARN_RANGE_LOOP_ANALYSIS = YES;
				CLANG_WARN_STRICT_PROTOTYPES = YES;
				CLANG_WARN_SUSPICIOUS_MOVE = YES;
				CLANG_WARN_UNGUARDED_AVAILABILITY = YES_AGGRESSIVE;
				CLANG_WARN_UNREACHABLE_CODE = YES;
				CLANG_WARN__DUPLICATE_METHOD_MATCH = YES;
				COPY_PHASE_STRIP = NO;
				DEBUG_INFORMATION_FORMAT = dwarf;
				ENABLE_STRICT_OBJC_MSGSEND = YES;
				ENABLE_TESTABILITY = YES;
				GCC_C_LANGUAGE_STANDARD = gnu11;
				GCC_DYNAMIC_NO_PIC = NO;
				GCC_NO_COMMON_BLOCKS = YES;
				GCC_OPTIMIZATION_LEVEL = 0;
				GCC_PREPROCESSOR_DEFINITIONS = (
					"DEBUG=1",
					"$(inherited)",
				);
				GCC_WARN_64_TO_32_BIT_CONVERSION = YES;
				GCC_WARN_ABOUT_RETURN_TYPE = YES_ERROR;
				GCC_WARN_UNDECLARED_SELECTOR = YES;
				GCC_WARN_UNINITIALIZED_AUTOS = YES_AGGRESSIVE;
				GCC_WARN_UNUSED_FUNCTION = YES;
				GCC_WARN_UNUSED_VARIABLE = YES;
				MACOSX_DEPLOYMENT_TARGET = 14.0;
				MTL_ENABLE_DEBUG_INFO = INCLUDE_SOURCE;
				MTL_FAST_MATH = YES;
				ONLY_ACTIVE_ARCH = YES;
				PRODUCT_NAME = "$(TARGET_NAME)";
				SWIFT_ACTIVE_COMPILATION_CONDITIONS = DEBUG;
				SWIFT_OPTIMIZATION_LEVEL = "-Onone";
				SWIFT_VERSION = 5.0;
			};
			name = Debug;
		};
		85E7F0A6E3638FC076673BF9 /* Debug */ = {
			isa = XCBuildConfiguration;
			buildSettings = {
				BUNDLE_LOADER = "$(TEST_HOST)";
				GENERATE_INFOPLIST_FILE = YES;
				MACOSX_DEPLOYMENT_TARGET = 14.0;
				PRODUCT_BUNDLE_IDENTIFIER = com.local.STTLocalAppTests;
				SDKROOT = macosx;
				SWIFT_VERSION = 5.0;
				TEST_HOST = "$(BUILT_PRODUCTS_DIR)/STTLocalApp.app/Contents/MacOS/STTLocalApp";
			};
			name = Debug;
		};
		8EC64A7D98F4BE3D7C4EE4AE /* Release */ = {
			isa = XCBuildConfiguration;
			buildSettings = {
				ASSETCATALOG_COMPILER_APPICON_NAME = AppIcon;
				ASSETCATALOG_COMPILER_GLOBAL_ACCENT_COLOR_NAME = AccentColor;
				CODE_SIGN_ENTITLEMENTS = STTLocalApp/STTLocalApp.entitlements;
				CODE_SIGN_IDENTITY = "-";
				CODE_SIGN_STYLE = Automatic;
				COMBINE_HIDPI_IMAGES = YES;
				CURRENT_PROJECT_VERSION = 1;
				DEAD_CODE_STRIPPING = YES;
				DEVELOPMENT_TEAM = "";
				ENABLE_HARDENED_RUNTIME = YES;
				ENABLE_PREVIEWS = YES;
				ENABLE_USER_SCRIPT_SANDBOXING = YES;
				GENERATE_INFOPLIST_FILE = NO;
				INFOPLIST_FILE = STTLocalApp/App/Info.plist;
				LD_RUNPATH_SEARCH_PATHS = "$(inherited) @executable_path/../Frameworks";
				MACOSX_DEPLOYMENT_TARGET = 14.0;
				MARKETING_VERSION = 0.1.0;
				PRODUCT_BUNDLE_IDENTIFIER = com.local.STTLocalApp;
				PRODUCT_NAME = "$(TARGET_NAME)";
				SDKROOT = macosx;
				SWIFT_EMIT_LOC_STRINGS = YES;
				SWIFT_STRICT_CONCURRENCY = minimal;
				SWIFT_VERSION = 5.0;
			};
			name = Release;
		};
		A33E4D948EE9AB3C1B5F602F /* Release */ = {
			isa = XCBuildConfiguration;
			buildSettings = {
				BUNDLE_LOADER = "$(TEST_HOST)";
				GENERATE_INFOPLIST_FILE = YES;
				MACOSX_DEPLOYMENT_TARGET = 14.0;
				PRODUCT_BUNDLE_IDENTIFIER = com.local.STTLocalAppTests;
				SDKROOT = macosx;
				SWIFT_VERSION = 5.0;
				TEST_HOST = "$(BUILT_PRODUCTS_DIR)/STTLocalApp.app/Contents/MacOS/STTLocalApp";
			};
			name = Release;
		};
		BE74CDEC213ACECE188E6E6B /* Debug */ = {
			isa = XCBuildConfiguration;
			buildSettings = {
				ASSETCATALOG_COMPILER_APPICON_NAME = AppIcon;
				ASSETCATALOG_COMPILER_GLOBAL_ACCENT_COLOR_NAME = AccentColor;
				CODE_SIGN_ENTITLEMENTS = STTLocalApp/STTLocalApp.entitlements;
				CODE_SIGN_IDENTITY = "-";
				CODE_SIGN_STYLE = Automatic;
				COMBINE_HIDPI_IMAGES = YES;
				CURRENT_PROJECT_VERSION = 1;
				DEAD_CODE_STRIPPING = YES;
				DEVELOPMENT_TEAM = "";
				ENABLE_HARDENED_RUNTIME = YES;
				ENABLE_PREVIEWS = YES;
				ENABLE_TESTABILITY = YES;
				ENABLE_USER_SCRIPT_SANDBOXING = YES;
				GENERATE_INFOPLIST_FILE = NO;
				INFOPLIST_FILE = STTLocalApp/App/Info.plist;
				LD_RUNPATH_SEARCH_PATHS = "$(inherited) @executable_path/../Frameworks";
				MACOSX_DEPLOYMENT_TARGET = 14.0;
				MARKETING_VERSION = 0.1.0;
				PRODUCT_BUNDLE_IDENTIFIER = com.local.STTLocalApp;
				PRODUCT_NAME = "$(TARGET_NAME)";
				SDKROOT = macosx;
				SWIFT_EMIT_LOC_STRINGS = YES;
				SWIFT_STRICT_CONCURRENCY = minimal;
				SWIFT_VERSION = 5.0;
			};
			name = Debug;
		};
		E2F6282D5BF4C9B2666F1B35 /* Release */ = {
			isa = XCBuildConfiguration;
			buildSettings = {
				ALWAYS_SEARCH_USER_PATHS = NO;
				CLANG_ANALYZER_NONNULL = YES;
				CLANG_ANALYZER_NUMBER_OBJECT_CONVERSION = YES_AGGRESSIVE;
				CLANG_CXX_LANGUAGE_STANDARD = "gnu++14";
				CLANG_CXX_LIBRARY = "libc++";
				CLANG_ENABLE_MODULES = YES;
				CLANG_ENABLE_OBJC_ARC = YES;
				CLANG_ENABLE_OBJC_WEAK = YES;
				CLANG_WARN_BLOCK_CAPTURE_AUTORELEASING = YES;
				CLANG_WARN_BOOL_CONVERSION = YES;
				CLANG_WARN_COMMA = YES;
				CLANG_WARN_CONSTANT_CONVERSION = YES;
				CLANG_WARN_DEPRECATED_OBJC_IMPLEMENTATIONS = YES;
				CLANG_WARN_DIRECT_OBJC_ISA_USAGE = YES_ERROR;
				CLANG_WARN_DOCUMENTATION_COMMENTS = YES;
				CLANG_WARN_EMPTY_BODY = YES;
				CLANG_WARN_ENUM_CONVERSION = YES;
				CLANG_WARN_INFINITE_RECURSION = YES;
				CLANG_WARN_INT_CONVERSION = YES;
				CLANG_WARN_NON_LITERAL_NULL_CONVERSION = YES;
				CLANG_WARN_OBJC_IMPLICIT_RETAIN_SELF = YES;
				CLANG_WARN_OBJC_LITERAL_CONVERSION = YES;
				CLANG_WARN_OBJC_ROOT_CLASS = YES_ERROR;
				CLANG_WARN_QUOTED_INCLUDE_IN_FRAMEWORK_HEADER = YES;
				CLANG_WARN_RANGE_LOOP_ANALYSIS = YES;
				CLANG_WARN_STRICT_PROTOTYPES = YES;
				CLANG_WARN_SUSPICIOUS_MOVE = YES;
				CLANG_WARN_UNGUARDED_AVAILABILITY = YES_AGGRESSIVE;
				CLANG_WARN_UNREACHABLE_CODE = YES;
				CLANG_WARN__DUPLICATE_METHOD_MATCH = YES;
				COPY_PHASE_STRIP = NO;
				DEBUG_INFORMATION_FORMAT = "dwarf-with-dsym";
				ENABLE_NS_ASSERTIONS = NO;
				ENABLE_STRICT_OBJC_MSGSEND = YES;
				GCC_C_LANGUAGE_STANDARD = gnu11;
				GCC_NO_COMMON_BLOCKS = YES;
				GCC_WARN_64_TO_32_BIT_CONVERSION = YES;
				GCC_WARN_ABOUT_RETURN_TYPE = YES_ERROR;
				GCC_WARN_UNDECLARED_SELECTOR = YES;
				GCC_WARN_UNINITIALIZED_AUTOS = YES_AGGRESSIVE;
				GCC_WARN_UNUSED_FUNCTION = YES;
				GCC_WARN_UNUSED_VARIABLE = YES;
				MACOSX_DEPLOYMENT_TARGET = 14.0;
				MTL_ENABLE_DEBUG_INFO = NO;
				MTL_FAST_MATH = YES;
				PRODUCT_NAME = "$(TARGET_NAME)";
				SWIFT_COMPILATION_MODE = wholemodule;
				SWIFT_OPTIMIZATION_LEVEL = "-O";
				SWIFT_VERSION = 5.0;
			};
			name = Release;
		};
/* End XCBuildConfiguration section */

/* Begin XCConfigurationList section */
		3A923CAA6CB33CFA6A227890 /* Build configuration list for PBXNativeTarget "STTLocalApp" */ = {
			isa = XCConfigurationList;
			buildConfigurations = (
				8EC64A7D98F4BE3D7C4EE4AE /* Release */,
				BE74CDEC213ACECE188E6E6B /* Debug */,
			);
			defaultConfigurationIsVisible = 0;
			defaultConfigurationName = Release;
		};
		65401B9F38E3BB3DC83189E3 /* Build configuration list for PBXProject "STTLocalApp" */ = {
			isa = XCConfigurationList;
			buildConfigurations = (
				2261449441EC4421AD2F1C49 /* Debug */,
				E2F6282D5BF4C9B2666F1B35 /* Release */,
			);
			defaultConfigurationIsVisible = 0;
			defaultConfigurationName = Release;
		};
		EF9963DC47882A6E0E078AB7 /* Build configuration list for PBXNativeTarget "STTLocalAppTests" */ = {
			isa = XCConfigurationList;
			buildConfigurations = (
				A33E4D948EE9AB3C1B5F602F /* Release */,
				85E7F0A6E3638FC076673BF9 /* Debug */,
			);
			defaultConfigurationIsVisible = 0;
			defaultConfigurationName = Release;
		};
/* End XCConfigurationList section */

/* Begin XCRemoteSwiftPackageReference section */
		BF58B0394677DAB5E060319E /* XCRemoteSwiftPackageReference "KeyboardShortcuts" */ = {
			isa = XCRemoteSwiftPackageReference;
			repositoryURL = "https://github.com/sindresorhus/KeyboardShortcuts.git";
			requirement = {
				kind = upToNextMajorVersion;
				minimumVersion = 2.0.0;
			};
		};
		C808EEC80941F032193DE17A /* XCRemoteSwiftPackageReference "WhisperKit" */ = {
			isa = XCRemoteSwiftPackageReference;
			repositoryURL = "https://github.com/argmaxinc/WhisperKit.git";
			requirement = {
				kind = upToNextMajorVersion;
				minimumVersion = 0.9.0;
			};
		};
/* End XCRemoteSwiftPackageReference section */

/* Begin XCSwiftPackageProductDependency section */
		507A59512A80E1F9F3A768CF /* KeyboardShortcuts */ = {
			isa = XCSwiftPackageProductDependency;
			package = BF58B0394677DAB5E060319E /* XCRemoteSwiftPackageReference "KeyboardShortcuts" */;
			productName = KeyboardShortcuts;
		};
		C67670F341EAA2D2FA44C3AA /* WhisperKit */ = {
			isa = XCSwiftPackageProductDependency;
			package = C808EEC80941F032193DE17A /* XCRemoteSwiftPackageReference "WhisperKit" */;
			productName = WhisperKit;
		};
		CC12B6D38D90AD2488C22241 /* WhisperKit */ = {
			isa = XCSwiftPackageProductDependency;
			package = C808EEC80941F032193DE17A /* XCRemoteSwiftPackageReference "WhisperKit" */;
			productName = WhisperKit;
		};
/* End XCSwiftPackageProductDependency section */
	};
	rootObject = 67868C2DFF3060FF4E28E352 /* Project object */;
}
